github.com/meinside/ipstack-go v0.0.2 h1:iZdZBP3NgafnpS04BEKS51Tj9bmRwroDf6kawDtjhDk=
github.com/meinside/ipstack-go v0.0.2/go.mod h1:YmoGaPtjFN27d8voktqwiqhfHVC1mTlWPOu7qOUOBVg=
github.com/meinside/rpi-tools v0.1.3 h1:OYnrEKXobAU5xxagllPJk0RFjeZmYLIdl7/j3XtLoLs=
github.com/meinside/rpi-tools v0.1.3/go.mod h1:4p9tXh1Om0VIxADfedma+2E64gV+/gYwEjlk+2Dcb8U=
github.com/meinside/telegram-bot-go v0.0.15 h1:Ve1LPFL6HNXYmIKWtwmMXbumyzgTBPdICJw7fbGUgnk=
github.com/meinside/telegram-bot-go v0.0.15/go.mod h1:gS/BXucqjU9q4BX5W1OlsQ3BoOlJqGOTPvAG9+4+TsA=
github.com/meinside/wasm-helper-go v0.0.4/go.mod h1:rrqb+xFboJK0/No8NAGkTTk1Y4qEUYHd4BFpUQ3g3wY=
